
Microsoft Visual Studio Solution File, Format Version 12.00
# Visual Studio Version 16
VisualStudioVersion = 16.0.31729.503
MinimumVisualStudioVersion = 10.0.40219.1
Project("{FAE04EC0-301F-11D3-BF4B-00C04F79EFBC}") = "ApiBlogCA", "ApiBlogCA\ApiBlogCA.csproj", "{F20BF611-1F21-49AB-8CA0-3CF4FD6A831D}"
EndProject
Project("{2150E333-8FDC-42A3-9474-1A3956D46DE8}") = "ApplicationCore", "ApplicationCore", "{3A0E7B97-A833-4670-BE54-37F57AD0FE4C}"
EndProject
Project("{2150E333-8FDC-42A3-9474-1A3956D46DE8}") = "Infraestructure", "Infraestructure", "{956D266D-D961-40C1-B574-8A41BD607992}"
EndProject
Project("{FAE04EC0-301F-11D3-BF4B-00C04F79EFBC}") = "Domain", "Domain\Domain.csproj", "{B7A20A6A-6DB8-4E0E-97DF-708646D38945}"
EndProject
Project("{FAE04EC0-301F-11D3-BF4B-00C04F79EFBC}") = "Repository", "Repository\Repository.csproj", "{D39B8E61-081A-4576-BFEA-F26F43D66B22}"
EndProject
Project("{FAE04EC0-301F-11D3-BF4B-00C04F79EFBC}") = "Email", "Email\Email.csproj", "{6458D771-1A44-4789-A89D-2B0EE52FDD08}"
EndProject
Project("{FAE04EC0-301F-11D3-BF4B-00C04F79EFBC}") = "Security", "Security\Security.csproj", "{8BEAA264-0658-412B-BB8F-2B92BED40A45}"
EndProject
Global
	GlobalSection(SolutionConfigurationPlatforms) = preSolution
		Debug|Any CPU = Debug|Any CPU
		Release|Any CPU = Release|Any CPU
	EndGlobalSection
	GlobalSection(ProjectConfigurationPlatforms) = postSolution
		{F20BF611-1F21-49AB-8CA0-3CF4FD6A831D}.Debug|Any CPU.ActiveCfg = Debug|Any CPU
		{F20BF611-1F21-49AB-8CA0-3CF4FD6A831D}.Debug|Any CPU.Build.0 = Debug|Any CPU
		{F20BF611-1F21-49AB-8CA0-3CF4FD6A831D}.Release|Any CPU.ActiveCfg = Release|Any CPU
		{F20BF611-1F21-49AB-8CA0-3CF4FD6A831D}.Release|Any CPU.Build.0 = Release|Any CPU
		{B7A20A6A-6DB8-4E0E-97DF-708646D38945}.Debug|Any CPU.ActiveCfg = Debug|Any CPU
		{B7A20A6A-6DB8-4E0E-97DF-708646D38945}.Debug|Any CPU.Build.0 = Debug|Any CPU
		{B7A20A6A-6DB8-4E0E-97DF-708646D38945}.Release|Any CPU.ActiveCfg = Release|Any CPU
		{B7A20A6A-6DB8-4E0E-97DF-708646D38945}.Release|Any CPU.Build.0 = Release|Any CPU
		{D39B8E61-081A-4576-BFEA-F26F43D66B22}.Debug|Any CPU.ActiveCfg = Debug|Any CPU
		{D39B8E61-081A-4576-BFEA-F26F43D66B22}.Debug|Any CPU.Build.0 = Debug|Any CPU
		{D39B8E61-081A-4576-BFEA-F26F43D66B22}.Release|Any CPU.ActiveCfg = Release|Any CPU
		{D39B8E61-081A-4576-BFEA-F26F43D66B22}.Release|Any CPU.Build.0 = Release|Any CPU
		{6458D771-1A44-4789-A89D-2B0EE52FDD08}.Debug|Any CPU.ActiveCfg = Debug|Any CPU
		{6458D771-1A44-4789-A89D-2B0EE52FDD08}.Debug|Any CPU.Build.0 = Debug|Any CPU
		{6458D771-1A44-4789-A89D-2B0EE52FDD08}.Release|Any CPU.ActiveCfg = Release|Any CPU
		{6458D771-1A44-4789-A89D-2B0EE52FDD08}.Release|Any CPU.Build.0 = Release|Any CPU
		{8BEAA264-0658-412B-BB8F-2B92BED40A45}.Debug|Any CPU.ActiveCfg = Debug|Any CPU
		{8BEAA264-0658-412B-BB8F-2B92BED40A45}.Debug|Any CPU.Build.0 = Debug|Any CPU
		{8BEAA264-0658-412B-BB8F-2B92BED40A45}.Release|Any CPU.ActiveCfg = Release|Any CPU
		{8BEAA264-0658-412B-BB8F-2B92BED40A45}.Release|Any CPU.Build.0 = Release|Any CPU
	EndGlobalSection
	GlobalSection(SolutionProperties) = preSolution
		HideSolutionNode = FALSE
	EndGlobalSection
	GlobalSection(NestedProjects) = preSolution
		{B7A20A6A-6DB8-4E0E-97DF-708646D38945} = {3A0E7B97-A833-4670-BE54-37F57AD0FE4C}
		{D39B8E61-081A-4576-BFEA-F26F43D66B22} = {956D266D-D961-40C1-B574-8A41BD607992}
		{6458D771-1A44-4789-A89D-2B0EE52FDD08} = {956D266D-D961-40C1-B574-8A41BD607992}
		{8BEAA264-0658-412B-BB8F-2B92BED40A45} = {956D266D-D961-40C1-B574-8A41BD607992}
	EndGlobalSection
	GlobalSection(ExtensibilityGlobals) = postSolution
		SolutionGuid = {E70C4F30-3452-4280-9190-86C3BD2402E2}
	EndGlobalSection
EndGlobal
